
Microsoft Visual Studio Solution File, Format Version 12.00
# Visual Studio Version 17
VisualStudioVersion = 17.4.33205.214
MinimumVisualStudioVersion = 10.0.40219.1
Project("{FAE04EC0-301F-11D3-BF4B-00C04F79EFBC}") = "LiskovSubstitution", "LiskovSubstitution\LiskovSubstitution.csproj", "{C0183EDE-35B5-4FFC-AFBD-323E48DDAB90}"
EndProject
Global
	GlobalSection(SolutionConfigurationPlatforms) = preSolution
		Debug|Any CPU = Debug|Any CPU
		Release|Any CPU = Release|Any CPU
	EndGlobalSection
	GlobalSection(ProjectConfigurationPlatforms) = postSolution
		{C0183EDE-35B5-4FFC-AFBD-323E48DDAB90}.Debug|Any CPU.ActiveCfg = Debug|Any CPU
		{C0183EDE-35B5-4FFC-AFBD-323E48DDAB90}.Debug|Any CPU.Build.0 = Debug|Any CPU
		{C0183EDE-35B5-4FFC-AFBD-323E48DDAB90}.Release|Any CPU.ActiveCfg = Release|Any CPU
		{C0183EDE-35B5-4FFC-AFBD-323E48DDAB90}.Release|Any CPU.Build.0 = Release|Any CPU
	EndGlobalSection
	GlobalSection(SolutionProperties) = preSolution
		HideSolutionNode = FALSE
	EndGlobalSection
	GlobalSection(ExtensibilityGlobals) = postSolution
		SolutionGuid = {D955C67B-848B-47D4-897D-F22E1FF8F434}
	EndGlobalSection
EndGlobal
